
Microsoft Visual Studio Solution File, Format Version 12.00
# Visual Studio Version 17
VisualStudioVersion = 17.5.33414.496
MinimumVisualStudioVersion = 10.0.40219.1
Project("{2150E333-8FDC-42A3-9474-1A3956D46DE8}") = "src", "src", "{03E62C0E-7E1B-49E2-91CB-E41AB0333D3F}"
EndProject
Project("{9A19103F-16F7-4668-BE54-9A1E7A4F7556}") = "Pizzengineering.Domain", "Pizzengineering.Domain\Pizzengineering.Domain.csproj", "{2FE6EF0C-85BF-4739-9733-6F977D4EC36B}"
EndProject
Project("{9A19103F-16F7-4668-BE54-9A1E7A4F7556}") = "Pizzengineering.Application", "Pizzengineering.Application\Pizzengineering.Application.csproj", "{5BFDBE79-3532-408D-A906-47052690D9B9}"
EndProject
Project("{FAE04EC0-301F-11D3-BF4B-00C04F79EFBC}") = "Pizzengineering.Persistence", "Pizzengineering.Persistence\Pizzengineering.Persistence.csproj", "{19D231F2-998E-44DB-B0A4-84B096230009}"
EndProject
Project("{FAE04EC0-301F-11D3-BF4B-00C04F79EFBC}") = "Pizzengineering.Infrastructure", "Pizzengineering.Infrastructure\Pizzengineering.Infrastructure.csproj", "{FBF3E4CF-AA6B-49F7-90BC-B8BD19E690E4}"
EndProject
Global
	GlobalSection(SolutionConfigurationPlatforms) = preSolution
		Debug|Any CPU = Debug|Any CPU
		Release|Any CPU = Release|Any CPU
	EndGlobalSection
	GlobalSection(ProjectConfigurationPlatforms) = postSolution
		{2FE6EF0C-85BF-4739-9733-6F977D4EC36B}.Debug|Any CPU.ActiveCfg = Debug|Any CPU
		{2FE6EF0C-85BF-4739-9733-6F977D4EC36B}.Debug|Any CPU.Build.0 = Debug|Any CPU
		{2FE6EF0C-85BF-4739-9733-6F977D4EC36B}.Release|Any CPU.ActiveCfg = Release|Any CPU
		{2FE6EF0C-85BF-4739-9733-6F977D4EC36B}.Release|Any CPU.Build.0 = Release|Any CPU
		{5BFDBE79-3532-408D-A906-47052690D9B9}.Debug|Any CPU.ActiveCfg = Debug|Any CPU
		{5BFDBE79-3532-408D-A906-47052690D9B9}.Debug|Any CPU.Build.0 = Debug|Any CPU
		{5BFDBE79-3532-408D-A906-47052690D9B9}.Release|Any CPU.ActiveCfg = Release|Any CPU
		{5BFDBE79-3532-408D-A906-47052690D9B9}.Release|Any CPU.Build.0 = Release|Any CPU
		{19D231F2-998E-44DB-B0A4-84B096230009}.Debug|Any CPU.ActiveCfg = Debug|Any CPU
		{19D231F2-998E-44DB-B0A4-84B096230009}.Debug|Any CPU.Build.0 = Debug|Any CPU
		{19D231F2-998E-44DB-B0A4-84B096230009}.Release|Any CPU.ActiveCfg = Release|Any CPU
		{19D231F2-998E-44DB-B0A4-84B096230009}.Release|Any CPU.Build.0 = Release|Any CPU
		{FBF3E4CF-AA6B-49F7-90BC-B8BD19E690E4}.Debug|Any CPU.ActiveCfg = Debug|Any CPU
		{FBF3E4CF-AA6B-49F7-90BC-B8BD19E690E4}.Debug|Any CPU.Build.0 = Debug|Any CPU
		{FBF3E4CF-AA6B-49F7-90BC-B8BD19E690E4}.Release|Any CPU.ActiveCfg = Release|Any CPU
		{FBF3E4CF-AA6B-49F7-90BC-B8BD19E690E4}.Release|Any CPU.Build.0 = Release|Any CPU
	EndGlobalSection
	GlobalSection(SolutionProperties) = preSolution
		HideSolutionNode = FALSE
	EndGlobalSection
	GlobalSection(NestedProjects) = preSolution
		{2FE6EF0C-85BF-4739-9733-6F977D4EC36B} = {03E62C0E-7E1B-49E2-91CB-E41AB0333D3F}
		{5BFDBE79-3532-408D-A906-47052690D9B9} = {03E62C0E-7E1B-49E2-91CB-E41AB0333D3F}
		{19D231F2-998E-44DB-B0A4-84B096230009} = {03E62C0E-7E1B-49E2-91CB-E41AB0333D3F}
		{FBF3E4CF-AA6B-49F7-90BC-B8BD19E690E4} = {03E62C0E-7E1B-49E2-91CB-E41AB0333D3F}
	EndGlobalSection
	GlobalSection(ExtensibilityGlobals) = postSolution
		SolutionGuid = {25828EFB-46DA-4FC4-AD27-56F781A39E7C}
	EndGlobalSection
EndGlobal
